// !$*UTF8*$!
{
	archiveVersion = 1;
	classes = {
	};
	objectVersion = 55;
	objects = {

/* Begin PBXBuildFile section */
		FA2A9CB6285F247B00E194C3 /* viewTwo.swift in Sources */ = {isa = PBXBuildFile; fileRef = FA2A9CB5285F247B00E194C3 /* viewTwo.swift */; };
		FA432D39285A22E70074F69A /* Quote_AppApp.swift in Sources */ = {isa = PBXBuildFile; fileRef = FA432D38285A22E70074F69A /* Quote_AppApp.swift */; };
		FA432D3B285A22E70074F69A /* quoteView.swift in Sources */ = {isa = PBXBuildFile; fileRef = FA432D3A285A22E70074F69A /* quoteView.swift */; };
		FA432D3D285A22EB0074F69A /* Assets.xcassets in Resources */ = {isa = PBXBuildFile; fileRef = FA432D3C285A22EB0074F69A /* Assets.xcassets */; };
		FA432D40285A22EB0074F69A /* Preview Assets.xcassets in Resources */ = {isa = PBXBuildFile; fileRef = FA432D3F285A22EB0074F69A /* Preview Assets.xcassets */; };
		FA432D42285A22EB0074F69A /* Persistence.swift in Sources */ = {isa = PBXBuildFile; fileRef = FA432D41285A22EB0074F69A /* Persistence.swift */; };
		FA432D45285A22EB0074F69A /* Quote_App.xcdatamodeld in Sources */ = {isa = PBXBuildFile; fileRef = FA432D43285A22EB0074F69A /* Quote_App.xcdatamodeld */; };
		FA432D4F285A262A0074F69A /* quote.swift in Sources */ = {isa = PBXBuildFile; fileRef = FA432D4E285A262A0074F69A /* quote.swift */; };
		FA432D51285A26B80074F69A /* quoteViewModel.swift in Sources */ = {isa = PBXBuildFile; fileRef = FA432D50285A26B80074F69A /* quoteViewModel.swift */; };
		FAD6C66D285C67E0004532E5 /* prototype2.swift in Sources */ = {isa = PBXBuildFile; fileRef = FAD6C66C285C67E0004532E5 /* prototype2.swift */; };
		FAFC9FA1285B332800F740ED /* MenuView.swift in Sources */ = {isa = PBXBuildFile; fileRef = FAFC9FA0285B332800F740ED /* MenuView.swift */; };
		FAFC9FA3285B4EF300F740ED /* viewOne.swift in Sources */ = {isa = PBXBuildFile; fileRef = FAFC9FA2285B4EF300F740ED /* viewOne.swift */; };
/* End PBXBuildFile section */

/* Begin PBXFileReference section */
		FA2A9CB5285F247B00E194C3 /* viewTwo.swift */ = {isa = PBXFileReference; lastKnownFileType = sourcecode.swift; path = viewTwo.swift; sourceTree = "<group>"; };
		FA432D35285A22E70074F69A /* Quote App.app */ = {isa = PBXFileReference; explicitFileType = wrapper.application; includeInIndex = 0; path = "Quote App.app"; sourceTree = BUILT_PRODUCTS_DIR; };
		FA432D38285A22E70074F69A /* Quote_AppApp.swift */ = {isa = PBXFileReference; lastKnownFileType = sourcecode.swift; path = Quote_AppApp.swift; sourceTree = "<group>"; };
		FA432D3A285A22E70074F69A /* quoteView.swift */ = {isa = PBXFileReference; lastKnownFileType = sourcecode.swift; path = quoteView.swift; sourceTree = "<group>"; };
		FA432D3C285A22EB0074F69A /* Assets.xcassets */ = {isa = PBXFileReference; lastKnownFileType = folder.assetcatalog; path = Assets.xcassets; sourceTree = "<group>"; };
		FA432D3F285A22EB0074F69A /* Preview Assets.xcassets */ = {isa = PBXFileReference; lastKnownFileType = folder.assetcatalog; path = "Preview Assets.xcassets"; sourceTree = "<group>"; };
		FA432D41285A22EB0074F69A /* Persistence.swift */ = {isa = PBXFileReference; lastKnownFileType = sourcecode.swift; path = Persistence.swift; sourceTree = "<group>"; };
		FA432D44285A22EB0074F69A /* Quote_App.xcdatamodel */ = {isa = PBXFileReference; lastKnownFileType = wrapper.xcdatamodel; path = Quote_App.xcdatamodel; sourceTree = "<group>"; };
		FA432D4E285A262A0074F69A /* quote.swift */ = {isa = PBXFileReference; lastKnownFileType = sourcecode.swift; path = quote.swift; sourceTree = "<group>"; };
		FA432D50285A26B80074F69A /* quoteViewModel.swift */ = {isa = PBXFileReference; lastKnownFileType = sourcecode.swift; path = quoteViewModel.swift; sourceTree = "<group>"; };
		FAD6C66C285C67E0004532E5 /* prototype2.swift */ = {isa = PBXFileReference; lastKnownFileType = sourcecode.swift; path = prototype2.swift; sourceTree = "<group>"; };
		FAFC9FA0285B332800F740ED /* MenuView.swift */ = {isa = PBXFileReference; lastKnownFileType = sourcecode.swift; path = MenuView.swift; sourceTree = "<group>"; };
		FAFC9FA2285B4EF300F740ED /* viewOne.swift */ = {isa = PBXFileReference; lastKnownFileType = sourcecode.swift; path = viewOne.swift; sourceTree = "<group>"; };
/* End PBXFileReference section */

/* Begin PBXFrameworksBuildPhase section */
		FA432D32285A22E70074F69A /* Frameworks */ = {
			isa = PBXFrameworksBuildPhase;
			buildActionMask = 2147483647;
			files = (
			);
			runOnlyForDeploymentPostprocessing = 0;
		};
/* End PBXFrameworksBuildPhase section */

/* Begin PBXGroup section */
		FA432D2C285A22E70074F69A = {
			isa = PBXGroup;
			children = (
				FA432D37285A22E70074F69A /* Quote App */,
				FA432D36285A22E70074F69A /* Products */,
			);
			sourceTree = "<group>";
		};
		FA432D36285A22E70074F69A /* Products */ = {
			isa = PBXGroup;
			children = (
				FA432D35285A22E70074F69A /* Quote App.app */,
			);
			name = Products;
			sourceTree = "<group>";
		};
		FA432D37285A22E70074F69A /* Quote App */ = {
			isa = PBXGroup;
			children = (
				FA432D38285A22E70074F69A /* Quote_AppApp.swift */,
				FA432D43285A22EB0074F69A /* Quote_App.xcdatamodeld */,
				FAFC9F9D285B286F00F740ED /* Components */,
				FA432D4D285A24980074F69A /* Model */,
				FA432D4C285A248A0074F69A /* View Models */,
				FA432D4B285A24470074F69A /* view */,
				FA432D3E285A22EB0074F69A /* Preview Content */,
			);
			path = "Quote App";
			sourceTree = "<group>";
		};
		FA432D3E285A22EB0074F69A /* Preview Content */ = {
			isa = PBXGroup;
			children = (
				FA432D3F285A22EB0074F69A /* Preview Assets.xcassets */,
				FA432D3C285A22EB0074F69A /* Assets.xcassets */,
			);
			path = "Preview Content";
			sourceTree = "<group>";
		};
		FA432D4B285A24470074F69A /* view */ = {
			isa = PBXGroup;
			children = (
				FAFC9FA2285B4EF300F740ED /* viewOne.swift */,
				FA432D3A285A22E70074F69A /* quoteView.swift */,
				FAFC9FA0285B332800F740ED /* MenuView.swift */,
				FAD6C66C285C67E0004532E5 /* prototype2.swift */,
				FA2A9CB5285F247B00E194C3 /* viewTwo.swift */,
			);
			path = view;
			sourceTree = "<group>";
		};
		FA432D4C285A248A0074F69A /* View Models */ = {
			isa = PBXGroup;
			children = (
				FA432D41285A22EB0074F69A /* Persistence.swift */,
				FA432D50285A26B80074F69A /* quoteViewModel.swift */,
			);
			path = "View Models";
			sourceTree = "<group>";
		};
		FA432D4D285A24980074F69A /* Model */ = {
			isa = PBXGroup;
			children = (
				FA432D4E285A262A0074F69A /* quote.swift */,
			);
			path = Model;
			sourceTree = "<group>";
		};
		FAFC9F9D285B286F00F740ED /* Components */ = {
			isa = PBXGroup;
			children = (
			);
			path = Components;
			sourceTree = "<group>";
		};
/* End PBXGroup section */

/* Begin PBXNativeTarget section */
		FA432D34285A22E70074F69A /* Quote App */ = {
			isa = PBXNativeTarget;
			buildConfigurationList = FA432D48285A22EB0074F69A /* Build configuration list for PBXNativeTarget "Quote App" */;
			buildPhases = (
				FA432D31285A22E70074F69A /* Sources */,
				FA432D32285A22E70074F69A /* Frameworks */,
				FA432D33285A22E70074F69A /* Resources */,
			);
			buildRules = (
			);
			dependencies = (
			);
			name = "Quote App";
			productName = "Quote App";
			productReference = FA432D35285A22E70074F69A /* Quote App.app */;
			productType = "com.apple.product-type.application";
		};
/* End PBXNativeTarget section */

/* Begin PBXProject section */
		FA432D2D285A22E70074F69A /* Project object */ = {
			isa = PBXProject;
			attributes = {
				BuildIndependentTargetsInParallel = 1;
				LastSwiftUpdateCheck = 1330;
				LastUpgradeCheck = 1330;
				TargetAttributes = {
					FA432D34285A22E70074F69A = {
						CreatedOnToolsVersion = 13.3;
					};
				};
			};
			buildConfigurationList = FA432D30285A22E70074F69A /* Build configuration list for PBXProject "Quote App" */;
			compatibilityVersion = "Xcode 13.0";
			developmentRegion = en;
			hasScannedForEncodings = 0;
			knownRegions = (
				en,
				Base,
			);
			mainGroup = FA432D2C285A22E70074F69A;
			productRefGroup = FA432D36285A22E70074F69A /* Products */;
			projectDirPath = "";
			projectRoot = "";
			targets = (
				FA432D34285A22E70074F69A /* Quote App */,
			);
		};
/* End PBXProject section */

/* Begin PBXResourcesBuildPhase section */
		FA432D33285A22E70074F69A /* Resources */ = {
			isa = PBXResourcesBuildPhase;
			buildActionMask = 2147483647;
			files = (
				FA432D40285A22EB0074F69A /* Preview Assets.xcassets in Resources */,
				FA432D3D285A22EB0074F69A /* Assets.xcassets in Resources */,
			);
			runOnlyForDeploymentPostprocessing = 0;
		};
/* End PBXResourcesBuildPhase section */

/* Begin PBXSourcesBuildPhase section */
		FA432D31285A22E70074F69A /* Sources */ = {
			isa = PBXSourcesBuildPhase;
			buildActionMask = 2147483647;
			files = (
				FAFC9FA3285B4EF300F740ED /* viewOne.swift in Sources */,
				FA432D45285A22EB0074F69A /* Quote_App.xcdatamodeld in Sources */,
				FAFC9FA1285B332800F740ED /* MenuView.swift in Sources */,
				FAD6C66D285C67E0004532E5 /* prototype2.swift in Sources */,
				FA432D42285A22EB0074F69A /* Persistence.swift in Sources */,
				FA432D3B285A22E70074F69A /* quoteView.swift in Sources */,
				FA432D4F285A262A0074F69A /* quote.swift in Sources */,
				FA2A9CB6285F247B00E194C3 /* viewTwo.swift in Sources */,
				FA432D39285A22E70074F69A /* Quote_AppApp.swift in Sources */,
				FA432D51285A26B80074F69A /* quoteViewModel.swift in Sources */,
			);
			runOnlyForDeploymentPostprocessing = 0;
		};
/* End PBXSourcesBuildPhase section */

/* Begin XCBuildConfiguration section */
		FA432D46285A22EB0074F69A /* Debug */ = {
			isa = XCBuildConfiguration;
			buildSettings = {
				ALWAYS_SEARCH_USER_PATHS = NO;
				CLANG_ANALYZER_NONNULL = YES;
				CLANG_ANALYZER_NUMBER_OBJECT_CONVERSION = YES_AGGRESSIVE;
				CLANG_CXX_LANGUAGE_STANDARD = "gnu++17";
				CLANG_ENABLE_MODULES = YES;
				CLANG_ENABLE_OBJC_ARC = YES;
				CLANG_ENABLE_OBJC_WEAK = YES;
				CLANG_WARN_BLOCK_CAPTURE_AUTORELEASING = YES;
				CLANG_WARN_BOOL_CONVERSION = YES;
				CLANG_WARN_COMMA = YES;
				CLANG_WARN_CONSTANT_CONVERSION = YES;
				CLANG_WARN_DEPRECATED_OBJC_IMPLEMENTATIONS = YES;
				CLANG_WARN_DIRECT_OBJC_ISA_USAGE = YES_ERROR;
				CLANG_WARN_DOCUMENTATION_COMMENTS = YES;
				CLANG_WARN_EMPTY_BODY = YES;
				CLANG_WARN_ENUM_CONVERSION = YES;
				CLANG_WARN_INFINITE_RECURSION = YES;
				CLANG_WARN_INT_CONVERSION = YES;
				CLANG_WARN_NON_LITERAL_NULL_CONVERSION = YES;
				CLANG_WARN_OBJC_IMPLICIT_RETAIN_SELF = YES;
				CLANG_WARN_OBJC_LITERAL_CONVERSION = YES;
				CLANG_WARN_OBJC_ROOT_CLASS = YES_ERROR;
				CLANG_WARN_QUOTED_INCLUDE_IN_FRAMEWORK_HEADER = YES;
				CLANG_WARN_RANGE_LOOP_ANALYSIS = YES;
				CLANG_WARN_STRICT_PROTOTYPES = YES;
				CLANG_WARN_SUSPICIOUS_MOVE = YES;
				CLANG_WARN_UNGUARDED_AVAILABILITY = YES_AGGRESSIVE;
				CLANG_WARN_UNREACHABLE_CODE = YES;
				CLANG_WARN__DUPLICATE_METHOD_MATCH = YES;
				COPY_PHASE_STRIP = NO;
				DEBUG_INFORMATION_FORMAT = dwarf;
				ENABLE_STRICT_OBJC_MSGSEND = YES;
				ENABLE_TESTABILITY = YES;
				GCC_C_LANGUAGE_STANDARD = gnu11;
				GCC_DYNAMIC_NO_PIC = NO;
				GCC_NO_COMMON_BLOCKS = YES;
				GCC_OPTIMIZATION_LEVEL = 0;
				GCC_PREPROCESSOR_DEFINITIONS = (
					"DEBUG=1",
					"$(inherited)",
				);
				GCC_WARN_64_TO_32_BIT_CONVERSION = YES;
				GCC_WARN_ABOUT_RETURN_TYPE = YES_ERROR;
				GCC_WARN_UNDECLARED_SELECTOR = YES;
				GCC_WARN_UNINITIALIZED_AUTOS = YES_AGGRESSIVE;
				GCC_WARN_UNUSED_FUNCTION = YES;
				GCC_WARN_UNUSED_VARIABLE = YES;
				IPHONEOS_DEPLOYMENT_TARGET = 15.4;
				MTL_ENABLE_DEBUG_INFO = INCLUDE_SOURCE;
				MTL_FAST_MATH = YES;
				ONLY_ACTIVE_ARCH = YES;
				SDKROOT = iphoneos;
				SWIFT_ACTIVE_COMPILATION_CONDITIONS = DEBUG;
				SWIFT_OPTIMIZATION_LEVEL = "-Onone";
			};
			name = Debug;
		};
		FA432D47285A22EB0074F69A /* Release */ = {
			isa = XCBuildConfiguration;
			buildSettings = {
				ALWAYS_SEARCH_USER_PATHS = NO;
				CLANG_ANALYZER_NONNULL = YES;
				CLANG_ANALYZER_NUMBER_OBJECT_CONVERSION = YES_AGGRESSIVE;
				CLANG_CXX_LANGUAGE_STANDARD = "gnu++17";
				CLANG_ENABLE_MODULES = YES;
				CLANG_ENABLE_OBJC_ARC = YES;
				CLANG_ENABLE_OBJC_WEAK = YES;
				CLANG_WARN_BLOCK_CAPTURE_AUTORELEASING = YES;
				CLANG_WARN_BOOL_CONVERSION = YES;
				CLANG_WARN_COMMA = YES;
				CLANG_WARN_CONSTANT_CONVERSION = YES;
				CLANG_WARN_DEPRECATED_OBJC_IMPLEMENTATIONS = YES;
				CLANG_WARN_DIRECT_OBJC_ISA_USAGE = YES_ERROR;
				CLANG_WARN_DOCUMENTATION_COMMENTS = YES;
				CLANG_WARN_EMPTY_BODY = YES;
				CLANG_WARN_ENUM_CONVERSION = YES;
				CLANG_WARN_INFINITE_RECURSION = YES;
				CLANG_WARN_INT_CONVERSION = YES;
				CLANG_WARN_NON_LITERAL_NULL_CONVERSION = YES;
				CLANG_WARN_OBJC_IMPLICIT_RETAIN_SELF = YES;
				CLANG_WARN_OBJC_LITERAL_CONVERSION = YES;
				CLANG_WARN_OBJC_ROOT_CLASS = YES_ERROR;
				CLANG_WARN_QUOTED_INCLUDE_IN_FRAMEWORK_HEADER = YES;
				CLANG_WARN_RANGE_LOOP_ANALYSIS = YES;
				CLANG_WARN_STRICT_PROTOTYPES = YES;
				CLANG_WARN_SUSPICIOUS_MOVE = YES;
				CLANG_WARN_UNGUARDED_AVAILABILITY = YES_AGGRESSIVE;
				CLANG_WARN_UNREACHABLE_CODE = YES;
				CLANG_WARN__DUPLICATE_METHOD_MATCH = YES;
				COPY_PHASE_STRIP = NO;
				DEBUG_INFORMATION_FORMAT = "dwarf-with-dsym";
				ENABLE_NS_ASSERTIONS = NO;
				ENABLE_STRICT_OBJC_MSGSEND = YES;
				GCC_C_LANGUAGE_STANDARD = gnu11;
				GCC_NO_COMMON_BLOCKS = YES;
				GCC_WARN_64_TO_32_BIT_CONVERSION = YES;
				GCC_WARN_ABOUT_RETURN_TYPE = YES_ERROR;
				GCC_WARN_UNDECLARED_SELECTOR = YES;
				GCC_WARN_UNINITIALIZED_AUTOS = YES_AGGRESSIVE;
				GCC_WARN_UNUSED_FUNCTION = YES;
				GCC_WARN_UNUSED_VARIABLE = YES;
				IPHONEOS_DEPLOYMENT_TARGET = 15.4;
				MTL_ENABLE_DEBUG_INFO = NO;
				MTL_FAST_MATH = YES;
				SDKROOT = iphoneos;
				SWIFT_COMPILATION_MODE = wholemodule;
				SWIFT_OPTIMIZATION_LEVEL = "-O";
				VALIDATE_PRODUCT = YES;
			};
			name = Release;
		};
		FA432D49285A22EB0074F69A /* Debug */ = {
			isa = XCBuildConfiguration;
			buildSettings = {
				ASSETCATALOG_COMPILER_APPICON_NAME = AppIcon;
				ASSETCATALOG_COMPILER_GLOBAL_ACCENT_COLOR_NAME = AccentColor;
				CODE_SIGN_STYLE = Automatic;
				CURRENT_PROJECT_VERSION = 1;
				DEVELOPMENT_ASSET_PATHS = "\"Quote App/Preview Content\"";
				DEVELOPMENT_TEAM = 8M94F2WL46;
				ENABLE_PREVIEWS = YES;
				GENERATE_INFOPLIST_FILE = YES;
				INFOPLIST_KEY_UIApplicationSceneManifest_Generation = YES;
				INFOPLIST_KEY_UIApplicationSupportsIndirectInputEvents = YES;
				INFOPLIST_KEY_UILaunchScreen_Generation = YES;
				INFOPLIST_KEY_UISupportedInterfaceOrientations_iPad = "UIInterfaceOrientationPortrait UIInterfaceOrientationPortraitUpsideDown UIInterfaceOrientationLandscapeLeft UIInterfaceOrientationLandscapeRight";
				INFOPLIST_KEY_UISupportedInterfaceOrientations_iPhone = "UIInterfaceOrientationPortrait UIInterfaceOrientationLandscapeLeft UIInterfaceOrientationLandscapeRight";
				IPHONEOS_DEPLOYMENT_TARGET = 15.3;
				LD_RUNPATH_SEARCH_PATHS = (
					"$(inherited)",
					"@executable_path/Frameworks",
				);
				MARKETING_VERSION = 1.0;
				PRODUCT_BUNDLE_IDENTIFIER = "scode.Quote-App";
				PRODUCT_NAME = "$(TARGET_NAME)";
				SWIFT_EMIT_LOC_STRINGS = YES;
				SWIFT_VERSION = 5.0;
				TARGETED_DEVICE_FAMILY = "1,2";
			};
			name = Debug;
		};
		FA432D4A285A22EB0074F69A /* Release */ = {
			isa = XCBuildConfiguration;
			buildSettings = {
				ASSETCATALOG_COMPILER_APPICON_NAME = AppIcon;
				ASSETCATALOG_COMPILER_GLOBAL_ACCENT_COLOR_NAME = AccentColor;
				CODE_SIGN_STYLE = Automatic;
				CURRENT_PROJECT_VERSION = 1;
				DEVELOPMENT_ASSET_PATHS = "\"Quote App/Preview Content\"";
				DEVELOPMENT_TEAM = 8M94F2WL46;
				ENABLE_PREVIEWS = YES;
				GENERATE_INFOPLIST_FILE = YES;
				INFOPLIST_KEY_UIApplicationSceneManifest_Generation = YES;
				INFOPLIST_KEY_UIApplicationSupportsIndirectInputEvents = YES;
				INFOPLIST_KEY_UILaunchScreen_Generation = YES;
				INFOPLIST_KEY_UISupportedInterfaceOrientations_iPad = "UIInterfaceOrientationPortrait UIInterfaceOrientationPortraitUpsideDown UIInterfaceOrientationLandscapeLeft UIInterfaceOrientationLandscapeRight";
				INFOPLIST_KEY_UISupportedInterfaceOrientations_iPhone = "UIInterfaceOrientationPortrait UIInterfaceOrientationLandscapeLeft UIInterfaceOrientationLandscapeRight";
				IPHONEOS_DEPLOYMENT_TARGET = 15.3;
				LD_RUNPATH_SEARCH_PATHS = (
					"$(inherited)",
					"@executable_path/Frameworks",
				);
				MARKETING_VERSION = 1.0;
				PRODUCT_BUNDLE_IDENTIFIER = "scode.Quote-App";
				PRODUCT_NAME = "$(TARGET_NAME)";
				SWIFT_EMIT_LOC_STRINGS = YES;
				SWIFT_VERSION = 5.0;
				TARGETED_DEVICE_FAMILY = "1,2";
			};
			name = Release;
		};
/* End XCBuildConfiguration section */

/* Begin XCConfigurationList section */
		FA432D30285A22E70074F69A /* Build configuration list for PBXProject "Quote App" */ = {
			isa = XCConfigurationList;
			buildConfigurations = (
				FA432D46285A22EB0074F69A /* Debug */,
				FA432D47285A22EB0074F69A /* Release */,
			);
			defaultConfigurationIsVisible = 0;
			defaultConfigurationName = Release;
		};
		FA432D48285A22EB0074F69A /* Build configuration list for PBXNativeTarget "Quote App" */ = {
			isa = XCConfigurationList;
			buildConfigurations = (
				FA432D49285A22EB0074F69A /* Debug */,
				FA432D4A285A22EB0074F69A /* Release */,
			);
			defaultConfigurationIsVisible = 0;
			defaultConfigurationName = Release;
		};
/* End XCConfigurationList section */

/* Begin XCVersionGroup section */
		FA432D43285A22EB0074F69A /* Quote_App.xcdatamodeld */ = {
			isa = XCVersionGroup;
			children = (
				FA432D44285A22EB0074F69A /* Quote_App.xcdatamodel */,
			);
			currentVersion = FA432D44285A22EB0074F69A /* Quote_App.xcdatamodel */;
			path = Quote_App.xcdatamodeld;
			sourceTree = "<group>";
			versionGroupType = wrapper.xcdatamodel;
		};
/* End XCVersionGroup section */
	};
	rootObject = FA432D2D285A22E70074F69A /* Project object */;
}
